// !$*UTF8*$!
{
	archiveVersion = 1;
	classes = {
	};
	objectVersion = 50;
	objects = {

/* Begin PBXBuildFile section */
		29444911237AFD64003E2C94 /* AppDelegate.swift in Sources */ = {isa = PBXBuildFile; fileRef = 29444910237AFD64003E2C94 /* AppDelegate.swift */; };
		29444913237AFD64003E2C94 /* LoginViewController.swift in Sources */ = {isa = PBXBuildFile; fileRef = 29444912237AFD64003E2C94 /* LoginViewController.swift */; };
		29444916237AFD64003E2C94 /* Main.storyboard in Resources */ = {isa = PBXBuildFile; fileRef = 29444914237AFD64003E2C94 /* Main.storyboard */; };
		29444918237AFD6A003E2C94 /* Assets.xcassets in Resources */ = {isa = PBXBuildFile; fileRef = 29444917237AFD6A003E2C94 /* Assets.xcassets */; };
		2944491B237AFD6A003E2C94 /* LaunchScreen.storyboard in Resources */ = {isa = PBXBuildFile; fileRef = 29444919237AFD6A003E2C94 /* LaunchScreen.storyboard */; };
		29444926237AFD6A003E2C94 /* OnTheMapTests.swift in Sources */ = {isa = PBXBuildFile; fileRef = 29444925237AFD6A003E2C94 /* OnTheMapTests.swift */; };
		29444934237B0060003E2C94 /* Default-568h@2x.png in Resources */ = {isa = PBXBuildFile; fileRef = 29444933237B0060003E2C94 /* Default-568h@2x.png */; };
		29444938237D302C003E2C94 /* accountInfo.swift in Sources */ = {isa = PBXBuildFile; fileRef = 29444937237D302C003E2C94 /* accountInfo.swift */; };
		2944493B237D319E003E2C94 /* Api.swift in Sources */ = {isa = PBXBuildFile; fileRef = 2944493A237D319E003E2C94 /* Api.swift */; };
		2944493D237EE926003E2C94 /* StudentLocation.swift in Sources */ = {isa = PBXBuildFile; fileRef = 2944493C237EE925003E2C94 /* StudentLocation.swift */; };
		2944493F237EF860003E2C94 /* Constants.swift in Sources */ = {isa = PBXBuildFile; fileRef = 2944493E237EF860003E2C94 /* Constants.swift */; };
		29444941237F47F2003E2C94 /* Parser.swift in Sources */ = {isa = PBXBuildFile; fileRef = 29444940237F47F2003E2C94 /* Parser.swift */; };
		29444945237F496A003E2C94 /* ContainerViewController.swift in Sources */ = {isa = PBXBuildFile; fileRef = 29444944237F496A003E2C94 /* ContainerViewController.swift */; };
		29444947237F4A6D003E2C94 /* MapViewController.swift in Sources */ = {isa = PBXBuildFile; fileRef = 29444946237F4A6D003E2C94 /* MapViewController.swift */; };
		29444949237F4B34003E2C94 /* TableVIewController.swift in Sources */ = {isa = PBXBuildFile; fileRef = 29444948237F4B34003E2C94 /* TableVIewController.swift */; };
		2944494B237F56EF003E2C94 /* LocationsData.swift in Sources */ = {isa = PBXBuildFile; fileRef = 2944494A237F56EF003E2C94 /* LocationsData.swift */; };
/* End PBXBuildFile section */

/* Begin PBXContainerItemProxy section */
		29444922237AFD6A003E2C94 /* PBXContainerItemProxy */ = {
			isa = PBXContainerItemProxy;
			containerPortal = 29444905237AFD64003E2C94 /* Project object */;
			proxyType = 1;
			remoteGlobalIDString = 2944490C237AFD64003E2C94;
			remoteInfo = OnTheMap;
		};
/* End PBXContainerItemProxy section */

/* Begin PBXFileReference section */
		2944490D237AFD64003E2C94 /* OnTheMap.app */ = {isa = PBXFileReference; explicitFileType = wrapper.application; includeInIndex = 0; path = OnTheMap.app; sourceTree = BUILT_PRODUCTS_DIR; };
		29444910237AFD64003E2C94 /* AppDelegate.swift */ = {isa = PBXFileReference; lastKnownFileType = sourcecode.swift; path = AppDelegate.swift; sourceTree = "<group>"; };
		29444912237AFD64003E2C94 /* LoginViewController.swift */ = {isa = PBXFileReference; lastKnownFileType = sourcecode.swift; path = LoginViewController.swift; sourceTree = "<group>"; };
		29444915237AFD64003E2C94 /* Base */ = {isa = PBXFileReference; lastKnownFileType = file.storyboard; name = Base; path = Base.lproj/Main.storyboard; sourceTree = "<group>"; };
		29444917237AFD6A003E2C94 /* Assets.xcassets */ = {isa = PBXFileReference; lastKnownFileType = folder.assetcatalog; path = Assets.xcassets; sourceTree = "<group>"; };
		2944491A237AFD6A003E2C94 /* Base */ = {isa = PBXFileReference; lastKnownFileType = file.storyboard; name = Base; path = Base.lproj/LaunchScreen.storyboard; sourceTree = "<group>"; };
		2944491C237AFD6A003E2C94 /* Info.plist */ = {isa = PBXFileReference; lastKnownFileType = text.plist.xml; path = Info.plist; sourceTree = "<group>"; };
		29444921237AFD6A003E2C94 /* OnTheMapTests.xctest */ = {isa = PBXFileReference; explicitFileType = wrapper.cfbundle; includeInIndex = 0; path = OnTheMapTests.xctest; sourceTree = BUILT_PRODUCTS_DIR; };
		29444925237AFD6A003E2C94 /* OnTheMapTests.swift */ = {isa = PBXFileReference; lastKnownFileType = sourcecode.swift; path = OnTheMapTests.swift; sourceTree = "<group>"; };
		29444927237AFD6A003E2C94 /* Info.plist */ = {isa = PBXFileReference; lastKnownFileType = text.plist.xml; path = Info.plist; sourceTree = "<group>"; };
		29444933237B0060003E2C94 /* Default-568h@2x.png */ = {isa = PBXFileReference; lastKnownFileType = image.png; path = "Default-568h@2x.png"; sourceTree = "<group>"; };
		29444937237D302C003E2C94 /* accountInfo.swift */ = {isa = PBXFileReference; lastKnownFileType = sourcecode.swift; path = accountInfo.swift; sourceTree = "<group>"; };
		2944493A237D319E003E2C94 /* Api.swift */ = {isa = PBXFileReference; lastKnownFileType = sourcecode.swift; path = Api.swift; sourceTree = "<group>"; };
		2944493C237EE925003E2C94 /* StudentLocation.swift */ = {isa = PBXFileReference; lastKnownFileType = sourcecode.swift; path = StudentLocation.swift; sourceTree = "<group>"; };
		2944493E237EF860003E2C94 /* Constants.swift */ = {isa = PBXFileReference; lastKnownFileType = sourcecode.swift; path = Constants.swift; sourceTree = "<group>"; };
		29444940237F47F2003E2C94 /* Parser.swift */ = {isa = PBXFileReference; lastKnownFileType = sourcecode.swift; path = Parser.swift; sourceTree = "<group>"; };
		29444944237F496A003E2C94 /* ContainerViewController.swift */ = {isa = PBXFileReference; lastKnownFileType = sourcecode.swift; path = ContainerViewController.swift; sourceTree = "<group>"; };
		29444946237F4A6D003E2C94 /* MapViewController.swift */ = {isa = PBXFileReference; lastKnownFileType = sourcecode.swift; path = MapViewController.swift; sourceTree = "<group>"; };
		29444948237F4B34003E2C94 /* TableVIewController.swift */ = {isa = PBXFileReference; lastKnownFileType = sourcecode.swift; path = TableVIewController.swift; sourceTree = "<group>"; };
		2944494A237F56EF003E2C94 /* LocationsData.swift */ = {isa = PBXFileReference; lastKnownFileType = sourcecode.swift; path = LocationsData.swift; sourceTree = "<group>"; };
/* End PBXFileReference section */

/* Begin PBXFrameworksBuildPhase section */
		2944490A237AFD64003E2C94 /* Frameworks */ = {
			isa = PBXFrameworksBuildPhase;
			buildActionMask = 2147483647;
			files = (
			);
			runOnlyForDeploymentPostprocessing = 0;
		};
		2944491E237AFD6A003E2C94 /* Frameworks */ = {
			isa = PBXFrameworksBuildPhase;
			buildActionMask = 2147483647;
			files = (
			);
			runOnlyForDeploymentPostprocessing = 0;
		};
/* End PBXFrameworksBuildPhase section */

/* Begin PBXGroup section */
		29444904237AFD64003E2C94 = {
			isa = PBXGroup;
			children = (
				29444933237B0060003E2C94 /* Default-568h@2x.png */,
				2944490F237AFD64003E2C94 /* OnTheMap */,
				29444924237AFD6A003E2C94 /* OnTheMapTests */,
				2944490E237AFD64003E2C94 /* Products */,
			);
			sourceTree = "<group>";
		};
		2944490E237AFD64003E2C94 /* Products */ = {
			isa = PBXGroup;
			children = (
				2944490D237AFD64003E2C94 /* OnTheMap.app */,
				29444921237AFD6A003E2C94 /* OnTheMapTests.xctest */,
			);
			name = Products;
			sourceTree = "<group>";
		};
		2944490F237AFD64003E2C94 /* OnTheMap */ = {
			isa = PBXGroup;
			children = (
				2944491C237AFD6A003E2C94 /* Info.plist */,
				29444932237B002D003E2C94 /* Model */,
				29444931237B000B003E2C94 /* View */,
				29444930237AFFD4003E2C94 /* Controller */,
			);
			path = OnTheMap;
			sourceTree = "<group>";
		};
		29444924237AFD6A003E2C94 /* OnTheMapTests */ = {
			isa = PBXGroup;
			children = (
				29444925237AFD6A003E2C94 /* OnTheMapTests.swift */,
				29444927237AFD6A003E2C94 /* Info.plist */,
			);
			path = OnTheMapTests;
			sourceTree = "<group>";
		};
		29444930237AFFD4003E2C94 /* Controller */ = {
			isa = PBXGroup;
			children = (
				29444912237AFD64003E2C94 /* LoginViewController.swift */,
				29444944237F496A003E2C94 /* ContainerViewController.swift */,
				29444946237F4A6D003E2C94 /* MapViewController.swift */,
				29444948237F4B34003E2C94 /* TableVIewController.swift */,
			);
			name = Controller;
			path = ../Controller;
			sourceTree = "<group>";
		};
		29444931237B000B003E2C94 /* View */ = {
			isa = PBXGroup;
			children = (
				29444914237AFD64003E2C94 /* Main.storyboard */,
				29444917237AFD6A003E2C94 /* Assets.xcassets */,
				29444919237AFD6A003E2C94 /* LaunchScreen.storyboard */,
			);
			path = View;
			sourceTree = "<group>";
		};
		29444932237B002D003E2C94 /* Model */ = {
			isa = PBXGroup;
			children = (
				2944494A237F56EF003E2C94 /* LocationsData.swift */,
				2944493C237EE925003E2C94 /* StudentLocation.swift */,
				29444910237AFD64003E2C94 /* AppDelegate.swift */,
				29444937237D302C003E2C94 /* accountInfo.swift */,
				29444939237D318C003E2C94 /* Network */,
			);
			path = Model;
			sourceTree = "<group>";
		};
		29444939237D318C003E2C94 /* Network */ = {
			isa = PBXGroup;
			children = (
				2944493A237D319E003E2C94 /* Api.swift */,
				2944493E237EF860003E2C94 /* Constants.swift */,
				29444940237F47F2003E2C94 /* Parser.swift */,
			);
			path = Network;
			sourceTree = "<group>";
		};
/* End PBXGroup section */

/* Begin PBXNativeTarget section */
		2944490C237AFD64003E2C94 /* OnTheMap */ = {
			isa = PBXNativeTarget;
			buildConfigurationList = 2944492A237AFD6A003E2C94 /* Build configuration list for PBXNativeTarget "OnTheMap" */;
			buildPhases = (
				29444909237AFD64003E2C94 /* Sources */,
				2944490A237AFD64003E2C94 /* Frameworks */,
				2944490B237AFD64003E2C94 /* Resources */,
			);
			buildRules = (
			);
			dependencies = (
			);
			name = OnTheMap;
			productName = OnTheMap;
			productReference = 2944490D237AFD64003E2C94 /* OnTheMap.app */;
			productType = "com.apple.product-type.application";
		};
		29444920237AFD6A003E2C94 /* OnTheMapTests */ = {
			isa = PBXNativeTarget;
			buildConfigurationList = 2944492D237AFD6A003E2C94 /* Build configuration list for PBXNativeTarget "OnTheMapTests" */;
			buildPhases = (
				2944491D237AFD6A003E2C94 /* Sources */,
				2944491E237AFD6A003E2C94 /* Frameworks */,
				2944491F237AFD6A003E2C94 /* Resources */,
			);
			buildRules = (
			);
			dependencies = (
				29444923237AFD6A003E2C94 /* PBXTargetDependency */,
			);
			name = OnTheMapTests;
			productName = OnTheMapTests;
			productReference = 29444921237AFD6A003E2C94 /* OnTheMapTests.xctest */;
			productType = "com.apple.product-type.bundle.unit-test";
		};
/* End PBXNativeTarget section */

/* Begin PBXProject section */
		29444905237AFD64003E2C94 /* Project object */ = {
			isa = PBXProject;
			attributes = {
				LastSwiftUpdateCheck = 1030;
				LastUpgradeCheck = 1030;
				ORGANIZATIONNAME = "Fahad Albgumi";
				TargetAttributes = {
					2944490C237AFD64003E2C94 = {
						CreatedOnToolsVersion = 10.3;
					};
					29444920237AFD6A003E2C94 = {
						CreatedOnToolsVersion = 10.3;
						TestTargetID = 2944490C237AFD64003E2C94;
					};
				};
			};
			buildConfigurationList = 29444908237AFD64003E2C94 /* Build configuration list for PBXProject "OnTheMap" */;
			compatibilityVersion = "Xcode 9.3";
			developmentRegion = en;
			hasScannedForEncodings = 0;
			knownRegions = (
				en,
				Base,
			);
			mainGroup = 29444904237AFD64003E2C94;
			productRefGroup = 2944490E237AFD64003E2C94 /* Products */;
			projectDirPath = "";
			projectRoot = "";
			targets = (
				2944490C237AFD64003E2C94 /* OnTheMap */,
				29444920237AFD6A003E2C94 /* OnTheMapTests */,
			);
		};
/* End PBXProject section */

/* Begin PBXResourcesBuildPhase section */
		2944490B237AFD64003E2C94 /* Resources */ = {
			isa = PBXResourcesBuildPhase;
			buildActionMask = 2147483647;
			files = (
				2944491B237AFD6A003E2C94 /* LaunchScreen.storyboard in Resources */,
				29444934237B0060003E2C94 /* Default-568h@2x.png in Resources */,
				29444918237AFD6A003E2C94 /* Assets.xcassets in Resources */,
				29444916237AFD64003E2C94 /* Main.storyboard in Resources */,
			);
			runOnlyForDeploymentPostprocessing = 0;
		};
		2944491F237AFD6A003E2C94 /* Resources */ = {
			isa = PBXResourcesBuildPhase;
			buildActionMask = 2147483647;
			files = (
			);
			runOnlyForDeploymentPostprocessing = 0;
		};
/* End PBXResourcesBuildPhase section */

/* Begin PBXSourcesBuildPhase section */
		29444909237AFD64003E2C94 /* Sources */ = {
			isa = PBXSourcesBuildPhase;
			buildActionMask = 2147483647;
			files = (
				29444913237AFD64003E2C94 /* LoginViewController.swift in Sources */,
				2944493D237EE926003E2C94 /* StudentLocation.swift in Sources */,
				29444945237F496A003E2C94 /* ContainerViewController.swift in Sources */,
				29444938237D302C003E2C94 /* accountInfo.swift in Sources */,
				29444947237F4A6D003E2C94 /* MapViewController.swift in Sources */,
				2944494B237F56EF003E2C94 /* LocationsData.swift in Sources */,
				2944493B237D319E003E2C94 /* Api.swift in Sources */,
				29444911237AFD64003E2C94 /* AppDelegate.swift in Sources */,
				2944493F237EF860003E2C94 /* Constants.swift in Sources */,
				29444941237F47F2003E2C94 /* Parser.swift in Sources */,
				29444949237F4B34003E2C94 /* TableVIewController.swift in Sources */,
			);
			runOnlyForDeploymentPostprocessing = 0;
		};
		2944491D237AFD6A003E2C94 /* Sources */ = {
			isa = PBXSourcesBuildPhase;
			buildActionMask = 2147483647;
			files = (
				29444926237AFD6A003E2C94 /* OnTheMapTests.swift in Sources */,
			);
			runOnlyForDeploymentPostprocessing = 0;
		};
/* End PBXSourcesBuildPhase section */

/* Begin PBXTargetDependency section */
		29444923237AFD6A003E2C94 /* PBXTargetDependency */ = {
			isa = PBXTargetDependency;
			target = 2944490C237AFD64003E2C94 /* OnTheMap */;
			targetProxy = 29444922237AFD6A003E2C94 /* PBXContainerItemProxy */;
		};
/* End PBXTargetDependency section */

/* Begin PBXVariantGroup section */
		29444914237AFD64003E2C94 /* Main.storyboard */ = {
			isa = PBXVariantGroup;
			children = (
				29444915237AFD64003E2C94 /* Base */,
			);
			name = Main.storyboard;
			sourceTree = "<group>";
		};
		29444919237AFD6A003E2C94 /* LaunchScreen.storyboard */ = {
			isa = PBXVariantGroup;
			children = (
				2944491A237AFD6A003E2C94 /* Base */,
			);
			name = LaunchScreen.storyboard;
			sourceTree = "<group>";
		};
/* End PBXVariantGroup section */

/* Begin XCBuildConfiguration section */
		29444928237AFD6A003E2C94 /* Debug */ = {
			isa = XCBuildConfiguration;
			buildSettings = {
				ALWAYS_SEARCH_USER_PATHS = NO;
				CLANG_ANALYZER_NONNULL = YES;
				CLANG_ANALYZER_NUMBER_OBJECT_CONVERSION = YES_AGGRESSIVE;
				CLANG_CXX_LANGUAGE_STANDARD = "gnu++14";
				CLANG_CXX_LIBRARY = "libc++";
				CLANG_ENABLE_MODULES = YES;
				CLANG_ENABLE_OBJC_ARC = YES;
				CLANG_ENABLE_OBJC_WEAK = YES;
				CLANG_WARN_BLOCK_CAPTURE_AUTORELEASING = YES;
				CLANG_WARN_BOOL_CONVERSION = YES;
				CLANG_WARN_COMMA = YES;
				CLANG_WARN_CONSTANT_CONVERSION = YES;
				CLANG_WARN_DEPRECATED_OBJC_IMPLEMENTATIONS = YES;
				CLANG_WARN_DIRECT_OBJC_ISA_USAGE = YES_ERROR;
				CLANG_WARN_DOCUMENTATION_COMMENTS = YES;
				CLANG_WARN_EMPTY_BODY = YES;
				CLANG_WARN_ENUM_CONVERSION = YES;
				CLANG_WARN_INFINITE_RECURSION = YES;
				CLANG_WARN_INT_CONVERSION = YES;
				CLANG_WARN_NON_LITERAL_NULL_CONVERSION = YES;
				CLANG_WARN_OBJC_IMPLICIT_RETAIN_SELF = YES;
				CLANG_WARN_OBJC_LITERAL_CONVERSION = YES;
				CLANG_WARN_OBJC_ROOT_CLASS = YES_ERROR;
				CLANG_WARN_RANGE_LOOP_ANALYSIS = YES;
				CLANG_WARN_STRICT_PROTOTYPES = YES;
				CLANG_WARN_SUSPICIOUS_MOVE = YES;
				CLANG_WARN_UNGUARDED_AVAILABILITY = YES_AGGRESSIVE;
				CLANG_WARN_UNREACHABLE_CODE = YES;
				CLANG_WARN__DUPLICATE_METHOD_MATCH = YES;
				CODE_SIGN_IDENTITY = "iPhone Developer";
				COPY_PHASE_STRIP = NO;
				DEBUG_INFORMATION_FORMAT = dwarf;
				ENABLE_STRICT_OBJC_MSGSEND = YES;
				ENABLE_TESTABILITY = YES;
				GCC_C_LANGUAGE_STANDARD = gnu11;
				GCC_DYNAMIC_NO_PIC = NO;
				GCC_NO_COMMON_BLOCKS = YES;
				GCC_OPTIMIZATION_LEVEL = 0;
				GCC_PREPROCESSOR_DEFINITIONS = (
					"DEBUG=1",
					"$(inherited)",
				);
				GCC_WARN_64_TO_32_BIT_CONVERSION = YES;
				GCC_WARN_ABOUT_RETURN_TYPE = YES_ERROR;
				GCC_WARN_UNDECLARED_SELECTOR = YES;
				GCC_WARN_UNINITIALIZED_AUTOS = YES_AGGRESSIVE;
				GCC_WARN_UNUSED_FUNCTION = YES;
				GCC_WARN_UNUSED_VARIABLE = YES;
				IPHONEOS_DEPLOYMENT_TARGET = 12.4;
				MTL_ENABLE_DEBUG_INFO = INCLUDE_SOURCE;
				MTL_FAST_MATH = YES;
				ONLY_ACTIVE_ARCH = YES;
				SDKROOT = iphoneos;
				SWIFT_ACTIVE_COMPILATION_CONDITIONS = DEBUG;
				SWIFT_OPTIMIZATION_LEVEL = "-Onone";
			};
			name = Debug;
		};
		29444929237AFD6A003E2C94 /* Release */ = {
			isa = XCBuildConfiguration;
			buildSettings = {
				ALWAYS_SEARCH_USER_PATHS = NO;
				CLANG_ANALYZER_NONNULL = YES;
				CLANG_ANALYZER_NUMBER_OBJECT_CONVERSION = YES_AGGRESSIVE;
				CLANG_CXX_LANGUAGE_STANDARD = "gnu++14";
				CLANG_CXX_LIBRARY = "libc++";
				CLANG_ENABLE_MODULES = YES;
				CLANG_ENABLE_OBJC_ARC = YES;
				CLANG_ENABLE_OBJC_WEAK = YES;
				CLANG_WARN_BLOCK_CAPTURE_AUTORELEASING = YES;
				CLANG_WARN_BOOL_CONVERSION = YES;
				CLANG_WARN_COMMA = YES;
				CLANG_WARN_CONSTANT_CONVERSION = YES;
				CLANG_WARN_DEPRECATED_OBJC_IMPLEMENTATIONS = YES;
				CLANG_WARN_DIRECT_OBJC_ISA_USAGE = YES_ERROR;
				CLANG_WARN_DOCUMENTATION_COMMENTS = YES;
				CLANG_WARN_EMPTY_BODY = YES;
				CLANG_WARN_ENUM_CONVERSION = YES;
				CLANG_WARN_INFINITE_RECURSION = YES;
				CLANG_WARN_INT_CONVERSION = YES;
				CLANG_WARN_NON_LITERAL_NULL_CONVERSION = YES;
				CLANG_WARN_OBJC_IMPLICIT_RETAIN_SELF = YES;
				CLANG_WARN_OBJC_LITERAL_CONVERSION = YES;
				CLANG_WARN_OBJC_ROOT_CLASS = YES_ERROR;
				CLANG_WARN_RANGE_LOOP_ANALYSIS = YES;
				CLANG_WARN_STRICT_PROTOTYPES = YES;
				CLANG_WARN_SUSPICIOUS_MOVE = YES;
				CLANG_WARN_UNGUARDED_AVAILABILITY = YES_AGGRESSIVE;
				CLANG_WARN_UNREACHABLE_CODE = YES;
				CLANG_WARN__DUPLICATE_METHOD_MATCH = YES;
				CODE_SIGN_IDENTITY = "iPhone Developer";
				COPY_PHASE_STRIP = NO;
				DEBUG_INFORMATION_FORMAT = "dwarf-with-dsym";
				ENABLE_NS_ASSERTIONS = NO;
				ENABLE_STRICT_OBJC_MSGSEND = YES;
				GCC_C_LANGUAGE_STANDARD = gnu11;
				GCC_NO_COMMON_BLOCKS = YES;
				GCC_WARN_64_TO_32_BIT_CONVERSION = YES;
				GCC_WARN_ABOUT_RETURN_TYPE = YES_ERROR;
				GCC_WARN_UNDECLARED_SELECTOR = YES;
				GCC_WARN_UNINITIALIZED_AUTOS = YES_AGGRESSIVE;
				GCC_WARN_UNUSED_FUNCTION = YES;
				GCC_WARN_UNUSED_VARIABLE = YES;
				IPHONEOS_DEPLOYMENT_TARGET = 12.4;
				MTL_ENABLE_DEBUG_INFO = NO;
				MTL_FAST_MATH = YES;
				SDKROOT = iphoneos;
				SWIFT_COMPILATION_MODE = wholemodule;
				SWIFT_OPTIMIZATION_LEVEL = "-O";
				VALIDATE_PRODUCT = YES;
			};
			name = Release;
		};
		2944492B237AFD6A003E2C94 /* Debug */ = {
			isa = XCBuildConfiguration;
			buildSettings = {
				ASSETCATALOG_COMPILER_APPICON_NAME = AppIcon;
				CODE_SIGN_STYLE = Automatic;
				INFOPLIST_FILE = OnTheMap/Info.plist;
				LD_RUNPATH_SEARCH_PATHS = (
					"$(inherited)",
					"@executable_path/Frameworks",
				);
				PRODUCT_BUNDLE_IDENTIFIER = com.udacity.OnTheMap;
				PRODUCT_NAME = "$(TARGET_NAME)";
				SWIFT_VERSION = 5.0;
				TARGETED_DEVICE_FAMILY = "1,2";
			};
			name = Debug;
		};
		2944492C237AFD6A003E2C94 /* Release */ = {
			isa = XCBuildConfiguration;
			buildSettings = {
				ASSETCATALOG_COMPILER_APPICON_NAME = AppIcon;
				CODE_SIGN_STYLE = Automatic;
				INFOPLIST_FILE = OnTheMap/Info.plist;
				LD_RUNPATH_SEARCH_PATHS = (
					"$(inherited)",
					"@executable_path/Frameworks",
				);
				PRODUCT_BUNDLE_IDENTIFIER = com.udacity.OnTheMap;
				PRODUCT_NAME = "$(TARGET_NAME)";
				SWIFT_VERSION = 5.0;
				TARGETED_DEVICE_FAMILY = "1,2";
			};
			name = Release;
		};
		2944492E237AFD6A003E2C94 /* Debug */ = {
			isa = XCBuildConfiguration;
			buildSettings = {
				ALWAYS_EMBED_SWIFT_STANDARD_LIBRARIES = YES;
				BUNDLE_LOADER = "$(TEST_HOST)";
				CODE_SIGN_STYLE = Automatic;
				INFOPLIST_FILE = OnTheMapTests/Info.plist;
				LD_RUNPATH_SEARCH_PATHS = (
					"$(inherited)",
					"@executable_path/Frameworks",
					"@loader_path/Frameworks",
				);
				PRODUCT_BUNDLE_IDENTIFIER = com.udacity.OnTheMapTests;
				PRODUCT_NAME = "$(TARGET_NAME)";
				SWIFT_VERSION = 5.0;
				TARGETED_DEVICE_FAMILY = "1,2";
				TEST_HOST = "$(BUILT_PRODUCTS_DIR)/OnTheMap.app/OnTheMap";
			};
			name = Debug;
		};
		2944492F237AFD6A003E2C94 /* Release */ = {
			isa = XCBuildConfiguration;
			buildSettings = {
				ALWAYS_EMBED_SWIFT_STANDARD_LIBRARIES = YES;
				BUNDLE_LOADER = "$(TEST_HOST)";
				CODE_SIGN_STYLE = Automatic;
				INFOPLIST_FILE = OnTheMapTests/Info.plist;
				LD_RUNPATH_SEARCH_PATHS = (
					"$(inherited)",
					"@executable_path/Frameworks",
					"@loader_path/Frameworks",
				);
				PRODUCT_BUNDLE_IDENTIFIER = com.udacity.OnTheMapTests;
				PRODUCT_NAME = "$(TARGET_NAME)";
				SWIFT_VERSION = 5.0;
				TARGETED_DEVICE_FAMILY = "1,2";
				TEST_HOST = "$(BUILT_PRODUCTS_DIR)/OnTheMap.app/OnTheMap";
			};
			name = Release;
		};
/* End XCBuildConfiguration section */

/* Begin XCConfigurationList section */
		29444908237AFD64003E2C94 /* Build configuration list for PBXProject "OnTheMap" */ = {
			isa = XCConfigurationList;
			buildConfigurations = (
				29444928237AFD6A003E2C94 /* Debug */,
				29444929237AFD6A003E2C94 /* Release */,
			);
			defaultConfigurationIsVisible = 0;
			defaultConfigurationName = Release;
		};
		2944492A237AFD6A003E2C94 /* Build configuration list for PBXNativeTarget "OnTheMap" */ = {
			isa = XCConfigurationList;
			buildConfigurations = (
				2944492B237AFD6A003E2C94 /* Debug */,
				2944492C237AFD6A003E2C94 /* Release */,
			);
			defaultConfigurationIsVisible = 0;
			defaultConfigurationName = Release;
		};
		2944492D237AFD6A003E2C94 /* Build configuration list for PBXNativeTarget "OnTheMapTests" */ = {
			isa = XCConfigurationList;
			buildConfigurations = (
				2944492E237AFD6A003E2C94 /* Debug */,
				2944492F237AFD6A003E2C94 /* Release */,
			);
			defaultConfigurationIsVisible = 0;
			defaultConfigurationName = Release;
		};
/* End XCConfigurationList section */
	};
	rootObject = 29444905237AFD64003E2C94 /* Project object */;
}
